
Microsoft Visual Studio Solution File, Format Version 12.00
# Visual Studio 14
VisualStudioVersion = 14.0.23107.0
MinimumVisualStudioVersion = 10.0.40219.1
Project("{FAE04EC0-301F-11D3-BF4B-00C04F79EFBC}") = "Lights", "Lights\Lights.csproj", "{41428A6C-117F-457C-BEA7-C4D66795DAA4}"
EndProject
Project("{FAE04EC0-301F-11D3-BF4B-00C04F79EFBC}") = "Lights.Service", "Lights.Service\Lights.Service.csproj", "{92B96B22-CF22-4F5A-A5BE-D476503FD4B3}"
EndProject
Project("{FAE04EC0-301F-11D3-BF4B-00C04F79EFBC}") = "Lights.Selfhost", "Lights.Selfhost\Lights.Selfhost.csproj", "{FF2F50EE-D7A8-4F39-BBEA-96E68A4EB3B5}"
EndProject
Global
	GlobalSection(SolutionConfigurationPlatforms) = preSolution
		Debug|Any CPU = Debug|Any CPU
		Release|Any CPU = Release|Any CPU
	EndGlobalSection
	GlobalSection(ProjectConfigurationPlatforms) = postSolution
		{41428A6C-117F-457C-BEA7-C4D66795DAA4}.Debug|Any CPU.ActiveCfg = Debug|Any CPU
		{41428A6C-117F-457C-BEA7-C4D66795DAA4}.Debug|Any CPU.Build.0 = Debug|Any CPU
		{41428A6C-117F-457C-BEA7-C4D66795DAA4}.Release|Any CPU.ActiveCfg = Release|Any CPU
		{41428A6C-117F-457C-BEA7-C4D66795DAA4}.Release|Any CPU.Build.0 = Release|Any CPU
		{92B96B22-CF22-4F5A-A5BE-D476503FD4B3}.Debug|Any CPU.ActiveCfg = Debug|Any CPU
		{92B96B22-CF22-4F5A-A5BE-D476503FD4B3}.Debug|Any CPU.Build.0 = Debug|Any CPU
		{92B96B22-CF22-4F5A-A5BE-D476503FD4B3}.Release|Any CPU.ActiveCfg = Release|Any CPU
		{92B96B22-CF22-4F5A-A5BE-D476503FD4B3}.Release|Any CPU.Build.0 = Release|Any CPU
		{FF2F50EE-D7A8-4F39-BBEA-96E68A4EB3B5}.Debug|Any CPU.ActiveCfg = Debug|Any CPU
		{FF2F50EE-D7A8-4F39-BBEA-96E68A4EB3B5}.Debug|Any CPU.Build.0 = Debug|Any CPU
		{FF2F50EE-D7A8-4F39-BBEA-96E68A4EB3B5}.Release|Any CPU.ActiveCfg = Release|Any CPU
		{FF2F50EE-D7A8-4F39-BBEA-96E68A4EB3B5}.Release|Any CPU.Build.0 = Release|Any CPU
	EndGlobalSection
	GlobalSection(SolutionProperties) = preSolution
		HideSolutionNode = FALSE
	EndGlobalSection
EndGlobal
